
Microsoft Visual Studio Solution File, Format Version 12.00
# Visual Studio 15
VisualStudioVersion = 15.0.26124.0
MinimumVisualStudioVersion = 15.0.26124.0
Project("{FAE04EC0-301F-11D3-BF4B-00C04F79EFBC}") = "PrimeService", "PrimeService\PrimeService.csproj", "{6973F112-F8BD-4B78-AC31-95B8325BA427}"
EndProject
Project("{FAE04EC0-301F-11D3-BF4B-00C04F79EFBC}") = "PrimeService.Tests", "PrimeService.Tests\PrimeService.Tests.csproj", "{BB23DB93-544C-4576-ABF4-44AF6552690B}"
EndProject
Global
	GlobalSection(SolutionConfigurationPlatforms) = preSolution
		Debug|Any CPU = Debug|Any CPU
		Debug|x64 = Debug|x64
		Debug|x86 = Debug|x86
		Release|Any CPU = Release|Any CPU
		Release|x64 = Release|x64
		Release|x86 = Release|x86
	EndGlobalSection
	GlobalSection(SolutionProperties) = preSolution
		HideSolutionNode = FALSE
	EndGlobalSection
	GlobalSection(ProjectConfigurationPlatforms) = postSolution
		{6973F112-F8BD-4B78-AC31-95B8325BA427}.Debug|Any CPU.ActiveCfg = Debug|Any CPU
		{6973F112-F8BD-4B78-AC31-95B8325BA427}.Debug|Any CPU.Build.0 = Debug|Any CPU
		{6973F112-F8BD-4B78-AC31-95B8325BA427}.Debug|x64.ActiveCfg = Debug|Any CPU
		{6973F112-F8BD-4B78-AC31-95B8325BA427}.Debug|x64.Build.0 = Debug|Any CPU
		{6973F112-F8BD-4B78-AC31-95B8325BA427}.Debug|x86.ActiveCfg = Debug|Any CPU
		{6973F112-F8BD-4B78-AC31-95B8325BA427}.Debug|x86.Build.0 = Debug|Any CPU
		{6973F112-F8BD-4B78-AC31-95B8325BA427}.Release|Any CPU.ActiveCfg = Release|Any CPU
		{6973F112-F8BD-4B78-AC31-95B8325BA427}.Release|Any CPU.Build.0 = Release|Any CPU
		{6973F112-F8BD-4B78-AC31-95B8325BA427}.Release|x64.ActiveCfg = Release|Any CPU
		{6973F112-F8BD-4B78-AC31-95B8325BA427}.Release|x64.Build.0 = Release|Any CPU
		{6973F112-F8BD-4B78-AC31-95B8325BA427}.Release|x86.ActiveCfg = Release|Any CPU
		{6973F112-F8BD-4B78-AC31-95B8325BA427}.Release|x86.Build.0 = Release|Any CPU
		{BB23DB93-544C-4576-ABF4-44AF6552690B}.Debug|Any CPU.ActiveCfg = Debug|Any CPU
		{BB23DB93-544C-4576-ABF4-44AF6552690B}.Debug|Any CPU.Build.0 = Debug|Any CPU
		{BB23DB93-544C-4576-ABF4-44AF6552690B}.Debug|x64.ActiveCfg = Debug|Any CPU
		{BB23DB93-544C-4576-ABF4-44AF6552690B}.Debug|x64.Build.0 = Debug|Any CPU
		{BB23DB93-544C-4576-ABF4-44AF6552690B}.Debug|x86.ActiveCfg = Debug|Any CPU
		{BB23DB93-544C-4576-ABF4-44AF6552690B}.Debug|x86.Build.0 = Debug|Any CPU
		{BB23DB93-544C-4576-ABF4-44AF6552690B}.Release|Any CPU.ActiveCfg = Release|Any CPU
		{BB23DB93-544C-4576-ABF4-44AF6552690B}.Release|Any CPU.Build.0 = Release|Any CPU
		{BB23DB93-544C-4576-ABF4-44AF6552690B}.Release|x64.ActiveCfg = Release|Any CPU
		{BB23DB93-544C-4576-ABF4-44AF6552690B}.Release|x64.Build.0 = Release|Any CPU
		{BB23DB93-544C-4576-ABF4-44AF6552690B}.Release|x86.ActiveCfg = Release|Any CPU
		{BB23DB93-544C-4576-ABF4-44AF6552690B}.Release|x86.Build.0 = Release|Any CPU
	EndGlobalSection
EndGlobal
